
Microsoft Visual Studio Solution File, Format Version 12.00
# Visual Studio 15
VisualStudioVersion = 15.0.28010.2016
MinimumVisualStudioVersion = 10.0.40219.1
Project("{FAE04EC0-301F-11D3-BF4B-00C04F79EFBC}") = "Qimo.CCC.Lib", "Qimo.CCC.Lib\Qimo.CCC.Lib.csproj", "{1CD70E5B-6CF9-4964-BB73-3D49B55E0561}"
EndProject
Project("{FAE04EC0-301F-11D3-BF4B-00C04F79EFBC}") = "QimoSDK.Test", "QimoSDK.Test\QimoSDK.Test.csproj", "{481F8A15-8816-4CD2-AF36-F0ABF5181BDE}"
EndProject
Global
	GlobalSection(SolutionConfigurationPlatforms) = preSolution
		Debug|Any CPU = Debug|Any CPU
		Release|Any CPU = Release|Any CPU
	EndGlobalSection
	GlobalSection(ProjectConfigurationPlatforms) = postSolution
		{1CD70E5B-6CF9-4964-BB73-3D49B55E0561}.Debug|Any CPU.ActiveCfg = Debug|Any CPU
		{1CD70E5B-6CF9-4964-BB73-3D49B55E0561}.Debug|Any CPU.Build.0 = Debug|Any CPU
		{1CD70E5B-6CF9-4964-BB73-3D49B55E0561}.Release|Any CPU.ActiveCfg = Release|Any CPU
		{1CD70E5B-6CF9-4964-BB73-3D49B55E0561}.Release|Any CPU.Build.0 = Release|Any CPU
		{481F8A15-8816-4CD2-AF36-F0ABF5181BDE}.Debug|Any CPU.ActiveCfg = Debug|Any CPU
		{481F8A15-8816-4CD2-AF36-F0ABF5181BDE}.Debug|Any CPU.Build.0 = Debug|Any CPU
		{481F8A15-8816-4CD2-AF36-F0ABF5181BDE}.Release|Any CPU.ActiveCfg = Release|Any CPU
		{481F8A15-8816-4CD2-AF36-F0ABF5181BDE}.Release|Any CPU.Build.0 = Release|Any CPU
	EndGlobalSection
	GlobalSection(SolutionProperties) = preSolution
		HideSolutionNode = FALSE
	EndGlobalSection
	GlobalSection(ExtensibilityGlobals) = postSolution
		SolutionGuid = {3FCD9D13-9F78-4310-B380-65AF409AE278}
	EndGlobalSection
EndGlobal
